// !$*UTF8*$!
{
	archiveVersion = 1;
	classes = {
	};
	objectVersion = 46;
	objects = {

/* Begin PBXFileReference section */
		5DBC7AA0159BAB6500EE16DF /* doc.html */ = {isa = PBXFileReference; lastKnownFileType = text.html; path = doc.html; sourceTree = "<group>"; };
/* End PBXFileReference section */

/* Begin PBXGroup section */
		5DBC7A97159BAB4700EE16DF = {
			isa = PBXGroup;
			children = (
				5DBC7AA0159BAB6500EE16DF /* doc.html */,
			);
			sourceTree = "<group>";
		};
/* End PBXGroup section */

/* Begin PBXProject section */
		5DBC7A99159BAB4700EE16DF /* Project object */ = {
			isa = PBXProject;
			attributes = {
				LastUpgradeCheck = 0430;
			};
			buildConfigurationList = 5DBC7A9C159BAB4700EE16DF /* Build configuration list for PBXProject "toolbox" */;
			compatibilityVersion = "Xcode 3.2";
			developmentRegion = English;
			hasScannedForEncodings = 0;
			knownRegions = (
				en,
			);
			mainGroup = 5DBC7A97159BAB4700EE16DF;
			projectDirPath = "";
			projectRoot = "";
			targets = (
			);
		};
/* End PBXProject section */

/* Begin XCBuildConfiguration section */
		5DBC7A9E159BAB4700EE16DF /* Debug */ = {
			isa = XCBuildConfiguration;
			buildSettings = {
			};
			name = Debug;
		};
		5DBC7A9F159BAB4700EE16DF /* Release */ = {
			isa = XCBuildConfiguration;
			buildSettings = {
			};
			name = Release;
		};
/* End XCBuildConfiguration section */

/* Begin XCConfigurationList section */
		5DBC7A9C159BAB4700EE16DF /* Build configuration list for PBXProject "toolbox" */ = {
			isa = XCConfigurationList;
			buildConfigurations = (
				5DBC7A9E159BAB4700EE16DF /* Debug */,
				5DBC7A9F159BAB4700EE16DF /* Release */,
			);
			defaultConfigurationIsVisible = 0;
			defaultConfigurationName = Release;
		};
/* End XCConfigurationList section */
	};
	rootObject = 5DBC7A99159BAB4700EE16DF /* Project object */;
}
